
Microsoft Visual Studio Solution File, Format Version 12.00
# Visual Studio Version 17
VisualStudioVersion = 17.9.34728.123
MinimumVisualStudioVersion = 10.0.40219.1
Project("{FAE04EC0-301F-11D3-BF4B-00C04F79EFBC}") = "HospitalAppointmentSystem", "HospitalAppointmentSystem\HospitalAppointmentSystem.csproj", "{946C449C-AF2C-4573-82BD-7E02FB812E93}"
EndProject
Global
	GlobalSection(SolutionConfigurationPlatforms) = preSolution
		Debug|Any CPU = Debug|Any CPU
		Release|Any CPU = Release|Any CPU
	EndGlobalSection
	GlobalSection(ProjectConfigurationPlatforms) = postSolution
		{946C449C-AF2C-4573-82BD-7E02FB812E93}.Debug|Any CPU.ActiveCfg = Debug|Any CPU
		{946C449C-AF2C-4573-82BD-7E02FB812E93}.Debug|Any CPU.Build.0 = Debug|Any CPU
		{946C449C-AF2C-4573-82BD-7E02FB812E93}.Release|Any CPU.ActiveCfg = Release|Any CPU
		{946C449C-AF2C-4573-82BD-7E02FB812E93}.Release|Any CPU.Build.0 = Release|Any CPU
	EndGlobalSection
	GlobalSection(SolutionProperties) = preSolution
		HideSolutionNode = FALSE
	EndGlobalSection
	GlobalSection(ExtensibilityGlobals) = postSolution
		SolutionGuid = {51D2C3CF-206A-43C0-B061-CC3F6F9FCF9F}
	EndGlobalSection
EndGlobal
